
Microsoft Visual Studio Solution File, Format Version 12.00
# Visual Studio Version 17
VisualStudioVersion = 17.7.34031.279
MinimumVisualStudioVersion = 10.0.40219.1
Project("{00D1A9C2-B5F0-4AF3-8072-F6C62B433612}") = "SaraswatiConstructionSSDT", "SaraswatiConstructionSSDT\SaraswatiConstructionSSDT.sqlproj", "{A8777D77-931D-4577-BCA0-1BF7DC9249F2}"
EndProject
Global
	GlobalSection(SolutionConfigurationPlatforms) = preSolution
		Debug|Any CPU = Debug|Any CPU
		Release|Any CPU = Release|Any CPU
	EndGlobalSection
	GlobalSection(ProjectConfigurationPlatforms) = postSolution
		{A8777D77-931D-4577-BCA0-1BF7DC9249F2}.Debug|Any CPU.ActiveCfg = Debug|Any CPU
		{A8777D77-931D-4577-BCA0-1BF7DC9249F2}.Debug|Any CPU.Build.0 = Debug|Any CPU
		{A8777D77-931D-4577-BCA0-1BF7DC9249F2}.Debug|Any CPU.Deploy.0 = Debug|Any CPU
		{A8777D77-931D-4577-BCA0-1BF7DC9249F2}.Release|Any CPU.ActiveCfg = Release|Any CPU
		{A8777D77-931D-4577-BCA0-1BF7DC9249F2}.Release|Any CPU.Build.0 = Release|Any CPU
		{A8777D77-931D-4577-BCA0-1BF7DC9249F2}.Release|Any CPU.Deploy.0 = Release|Any CPU
	EndGlobalSection
	GlobalSection(SolutionProperties) = preSolution
		HideSolutionNode = FALSE
	EndGlobalSection
	GlobalSection(ExtensibilityGlobals) = postSolution
		SolutionGuid = {33ADE783-7D56-4352-AEFE-4A404A868911}
	EndGlobalSection
EndGlobal
